// !$*UTF8*$!
{
	archiveVersion = 1;
	classes = {
	};
	objectVersion = 46;
	objects = {

/* Begin PBXBuildFile section */
		F63EF0E21B50353B00D00FE5 /* main.m in Sources */ = {isa = PBXBuildFile; fileRef = F63EF0E11B50353B00D00FE5 /* main.m */; };
		F63EF0E51B50353B00D00FE5 /* AppDelegate.m in Sources */ = {isa = PBXBuildFile; fileRef = F63EF0E41B50353B00D00FE5 /* AppDelegate.m */; };
		F63EF0E81B50353B00D00FE5 /* ViewController.m in Sources */ = {isa = PBXBuildFile; fileRef = F63EF0E71B50353B00D00FE5 /* ViewController.m */; };
		F63EF0EB1B50353B00D00FE5 /* Main.storyboard in Resources */ = {isa = PBXBuildFile; fileRef = F63EF0E91B50353B00D00FE5 /* Main.storyboard */; };
		F63EF0ED1B50353B00D00FE5 /* Images.xcassets in Resources */ = {isa = PBXBuildFile; fileRef = F63EF0EC1B50353B00D00FE5 /* Images.xcassets */; };
		F63EF0F01B50353B00D00FE5 /* LaunchScreen.xib in Resources */ = {isa = PBXBuildFile; fileRef = F63EF0EE1B50353B00D00FE5 /* LaunchScreen.xib */; };
		F63EF0FC1B50353C00D00FE5 /* AnxietyResearchTests.m in Sources */ = {isa = PBXBuildFile; fileRef = F63EF0FB1B50353C00D00FE5 /* AnxietyResearchTests.m */; };
		F63EF1351B52195A00D00FE5 /* ResearchKit.framework in Frameworks */ = {isa = PBXBuildFile; fileRef = F63EF1321B52194400D00FE5 /* ResearchKit.framework */; };
		F63EF1361B52195A00D00FE5 /* ResearchKit.framework in Embed Frameworks */ = {isa = PBXBuildFile; fileRef = F63EF1321B52194400D00FE5 /* ResearchKit.framework */; settings = {ATTRIBUTES = (CodeSignOnCopy, RemoveHeadersOnCopy, ); }; };
		F66DE6711B52F65F00360F87 /* ResearchKit.xcodeproj in Frameworks */ = {isa = PBXBuildFile; fileRef = F63EF11E1B51FE6C00D00FE5 /* ResearchKit.xcodeproj */; };
		F69D44891B52FE58003FFC8C /* ConsentText.json in Resources */ = {isa = PBXBuildFile; fileRef = F69D44881B52FE58003FFC8C /* ConsentText.json */; };
/* End PBXBuildFile section */

/* Begin PBXContainerItemProxy section */
		F63EF0F61B50353C00D00FE5 /* PBXContainerItemProxy */ = {
			isa = PBXContainerItemProxy;
			containerPortal = F63EF0D41B50353B00D00FE5 /* Project object */;
			proxyType = 1;
			remoteGlobalIDString = F63EF0DB1B50353B00D00FE5;
			remoteInfo = AnxietyResearch;
		};
		F63EF1311B52194400D00FE5 /* PBXContainerItemProxy */ = {
			isa = PBXContainerItemProxy;
			containerPortal = F63EF11E1B51FE6C00D00FE5 /* ResearchKit.xcodeproj */;
			proxyType = 2;
			remoteGlobalIDString = B183A5951A8535D100C76870;
			remoteInfo = ResearchKit;
		};
		F63EF1331B52194400D00FE5 /* PBXContainerItemProxy */ = {
			isa = PBXContainerItemProxy;
			containerPortal = F63EF11E1B51FE6C00D00FE5 /* ResearchKit.xcodeproj */;
			proxyType = 2;
			remoteGlobalIDString = 86CC8E9A1AC09332001CCD89;
			remoteInfo = ResearchKitTests;
		};
		F63EF1371B52195A00D00FE5 /* PBXContainerItemProxy */ = {
			isa = PBXContainerItemProxy;
			containerPortal = F63EF11E1B51FE6C00D00FE5 /* ResearchKit.xcodeproj */;
			proxyType = 1;
			remoteGlobalIDString = B183A4731A8535D100C76870;
			remoteInfo = ResearchKit;
		};
/* End PBXContainerItemProxy section */

/* Begin PBXCopyFilesBuildPhase section */
		F63EF1131B51F89F00D00FE5 /* Embed Frameworks */ = {
			isa = PBXCopyFilesBuildPhase;
			buildActionMask = 2147483647;
			dstPath = "";
			dstSubfolderSpec = 10;
			files = (
				F63EF1361B52195A00D00FE5 /* ResearchKit.framework in Embed Frameworks */,
			);
			name = "Embed Frameworks";
			runOnlyForDeploymentPostprocessing = 0;
		};
/* End PBXCopyFilesBuildPhase section */

/* Begin PBXFileReference section */
		F63EF0DC1B50353B00D00FE5 /* AnxietyResearch.app */ = {isa = PBXFileReference; explicitFileType = wrapper.application; includeInIndex = 0; path = AnxietyResearch.app; sourceTree = BUILT_PRODUCTS_DIR; };
		F63EF0E01B50353B00D00FE5 /* Info.plist */ = {isa = PBXFileReference; lastKnownFileType = text.plist.xml; path = Info.plist; sourceTree = "<group>"; };
		F63EF0E11B50353B00D00FE5 /* main.m */ = {isa = PBXFileReference; lastKnownFileType = sourcecode.c.objc; path = main.m; sourceTree = "<group>"; };
		F63EF0E31B50353B00D00FE5 /* AppDelegate.h */ = {isa = PBXFileReference; lastKnownFileType = sourcecode.c.h; path = AppDelegate.h; sourceTree = "<group>"; };
		F63EF0E41B50353B00D00FE5 /* AppDelegate.m */ = {isa = PBXFileReference; lastKnownFileType = sourcecode.c.objc; path = AppDelegate.m; sourceTree = "<group>"; };
		F63EF0E61B50353B00D00FE5 /* ViewController.h */ = {isa = PBXFileReference; lastKnownFileType = sourcecode.c.h; path = ViewController.h; sourceTree = "<group>"; };
		F63EF0E71B50353B00D00FE5 /* ViewController.m */ = {isa = PBXFileReference; lastKnownFileType = sourcecode.c.objc; path = ViewController.m; sourceTree = "<group>"; };
		F63EF0EA1B50353B00D00FE5 /* Base */ = {isa = PBXFileReference; lastKnownFileType = file.storyboard; name = Base; path = Base.lproj/Main.storyboard; sourceTree = "<group>"; };
		F63EF0EC1B50353B00D00FE5 /* Images.xcassets */ = {isa = PBXFileReference; lastKnownFileType = folder.assetcatalog; path = Images.xcassets; sourceTree = "<group>"; };
		F63EF0EF1B50353B00D00FE5 /* Base */ = {isa = PBXFileReference; lastKnownFileType = file.xib; name = Base; path = Base.lproj/LaunchScreen.xib; sourceTree = "<group>"; };
		F63EF0F51B50353C00D00FE5 /* AnxietyResearchTests.xctest */ = {isa = PBXFileReference; explicitFileType = wrapper.cfbundle; includeInIndex = 0; path = AnxietyResearchTests.xctest; sourceTree = BUILT_PRODUCTS_DIR; };
		F63EF0FA1B50353C00D00FE5 /* Info.plist */ = {isa = PBXFileReference; lastKnownFileType = text.plist.xml; path = Info.plist; sourceTree = "<group>"; };
		F63EF0FB1B50353C00D00FE5 /* AnxietyResearchTests.m */ = {isa = PBXFileReference; lastKnownFileType = sourcecode.c.objc; path = AnxietyResearchTests.m; sourceTree = "<group>"; };
		F63EF11E1B51FE6C00D00FE5 /* ResearchKit.xcodeproj */ = {isa = PBXFileReference; lastKnownFileType = "wrapper.pb-project"; name = ResearchKit.xcodeproj; path = ../ResearchKit/ResearchKit.xcodeproj; sourceTree = "<group>"; };
		F69D44881B52FE58003FFC8C /* ConsentText.json */ = {isa = PBXFileReference; fileEncoding = 4; lastKnownFileType = text.json; path = ConsentText.json; sourceTree = "<group>"; };
/* End PBXFileReference section */

/* Begin PBXFrameworksBuildPhase section */
		F63EF0D91B50353B00D00FE5 /* Frameworks */ = {
			isa = PBXFrameworksBuildPhase;
			buildActionMask = 2147483647;
			files = (
				F66DE6711B52F65F00360F87 /* ResearchKit.xcodeproj in Frameworks */,
				F63EF1351B52195A00D00FE5 /* ResearchKit.framework in Frameworks */,
			);
			runOnlyForDeploymentPostprocessing = 0;
		};
		F63EF0F21B50353C00D00FE5 /* Frameworks */ = {
			isa = PBXFrameworksBuildPhase;
			buildActionMask = 2147483647;
			files = (
			);
			runOnlyForDeploymentPostprocessing = 0;
		};
/* End PBXFrameworksBuildPhase section */

/* Begin PBXGroup section */
		F63EF0D31B50353B00D00FE5 = {
			isa = PBXGroup;
			children = (
				F63EF11E1B51FE6C00D00FE5 /* ResearchKit.xcodeproj */,
				F63EF0DE1B50353B00D00FE5 /* AnxietyResearch */,
				F63EF0F81B50353C00D00FE5 /* AnxietyResearchTests */,
				F63EF0DD1B50353B00D00FE5 /* Products */,
			);
			sourceTree = "<group>";
		};
		F63EF0DD1B50353B00D00FE5 /* Products */ = {
			isa = PBXGroup;
			children = (
				F63EF0DC1B50353B00D00FE5 /* AnxietyResearch.app */,
				F63EF0F51B50353C00D00FE5 /* AnxietyResearchTests.xctest */,
			);
			name = Products;
			sourceTree = "<group>";
		};
		F63EF0DE1B50353B00D00FE5 /* AnxietyResearch */ = {
			isa = PBXGroup;
			children = (
				F69D44881B52FE58003FFC8C /* ConsentText.json */,
				F63EF0E31B50353B00D00FE5 /* AppDelegate.h */,
				F63EF0E41B50353B00D00FE5 /* AppDelegate.m */,
				F63EF0E61B50353B00D00FE5 /* ViewController.h */,
				F63EF0E71B50353B00D00FE5 /* ViewController.m */,
				F63EF0E91B50353B00D00FE5 /* Main.storyboard */,
				F63EF0EC1B50353B00D00FE5 /* Images.xcassets */,
				F63EF0EE1B50353B00D00FE5 /* LaunchScreen.xib */,
				F63EF0DF1B50353B00D00FE5 /* Supporting Files */,
			);
			path = AnxietyResearch;
			sourceTree = "<group>";
		};
		F63EF0DF1B50353B00D00FE5 /* Supporting Files */ = {
			isa = PBXGroup;
			children = (
				F63EF0E01B50353B00D00FE5 /* Info.plist */,
				F63EF0E11B50353B00D00FE5 /* main.m */,
			);
			name = "Supporting Files";
			sourceTree = "<group>";
		};
		F63EF0F81B50353C00D00FE5 /* AnxietyResearchTests */ = {
			isa = PBXGroup;
			children = (
				F63EF0FB1B50353C00D00FE5 /* AnxietyResearchTests.m */,
				F63EF0F91B50353C00D00FE5 /* Supporting Files */,
			);
			path = AnxietyResearchTests;
			sourceTree = "<group>";
		};
		F63EF0F91B50353C00D00FE5 /* Supporting Files */ = {
			isa = PBXGroup;
			children = (
				F63EF0FA1B50353C00D00FE5 /* Info.plist */,
			);
			name = "Supporting Files";
			sourceTree = "<group>";
		};
		F63EF12C1B52194400D00FE5 /* Products */ = {
			isa = PBXGroup;
			children = (
				F63EF1321B52194400D00FE5 /* ResearchKit.framework */,
				F63EF1341B52194400D00FE5 /* ResearchKitTests.xctest */,
			);
			name = Products;
			sourceTree = "<group>";
		};
/* End PBXGroup section */

/* Begin PBXNativeTarget section */
		F63EF0DB1B50353B00D00FE5 /* AnxietyResearch */ = {
			isa = PBXNativeTarget;
			buildConfigurationList = F63EF0FF1B50353C00D00FE5 /* Build configuration list for PBXNativeTarget "AnxietyResearch" */;
			buildPhases = (
				F63EF0D81B50353B00D00FE5 /* Sources */,
				F63EF0D91B50353B00D00FE5 /* Frameworks */,
				F63EF0DA1B50353B00D00FE5 /* Resources */,
				F63EF1131B51F89F00D00FE5 /* Embed Frameworks */,
			);
			buildRules = (
			);
			dependencies = (
				F63EF1381B52195A00D00FE5 /* PBXTargetDependency */,
			);
			name = AnxietyResearch;
			productName = AnxietyResearch;
			productReference = F63EF0DC1B50353B00D00FE5 /* AnxietyResearch.app */;
			productType = "com.apple.product-type.application";
		};
		F63EF0F41B50353C00D00FE5 /* AnxietyResearchTests */ = {
			isa = PBXNativeTarget;
			buildConfigurationList = F63EF1021B50353C00D00FE5 /* Build configuration list for PBXNativeTarget "AnxietyResearchTests" */;
			buildPhases = (
				F63EF0F11B50353C00D00FE5 /* Sources */,
				F63EF0F21B50353C00D00FE5 /* Frameworks */,
				F63EF0F31B50353C00D00FE5 /* Resources */,
			);
			buildRules = (
			);
			dependencies = (
				F63EF0F71B50353C00D00FE5 /* PBXTargetDependency */,
			);
			name = AnxietyResearchTests;
			productName = AnxietyResearchTests;
			productReference = F63EF0F51B50353C00D00FE5 /* AnxietyResearchTests.xctest */;
			productType = "com.apple.product-type.bundle.unit-test";
		};
/* End PBXNativeTarget section */

/* Begin PBXProject section */
		F63EF0D41B50353B00D00FE5 /* Project object */ = {
			isa = PBXProject;
			attributes = {
				LastUpgradeCheck = 0640;
				ORGANIZATIONNAME = "Abbey Jackson";
				TargetAttributes = {
					F63EF0DB1B50353B00D00FE5 = {
						CreatedOnToolsVersion = 6.4;
					};
					F63EF0F41B50353C00D00FE5 = {
						CreatedOnToolsVersion = 6.4;
						TestTargetID = F63EF0DB1B50353B00D00FE5;
					};
				};
			};
			buildConfigurationList = F63EF0D71B50353B00D00FE5 /* Build configuration list for PBXProject "AnxietyResearch" */;
			compatibilityVersion = "Xcode 3.2";
			developmentRegion = English;
			hasScannedForEncodings = 0;
			knownRegions = (
				en,
				Base,
			);
			mainGroup = F63EF0D31B50353B00D00FE5;
			productRefGroup = F63EF0DD1B50353B00D00FE5 /* Products */;
			projectDirPath = "";
			projectReferences = (
				{
					ProductGroup = F63EF12C1B52194400D00FE5 /* Products */;
					ProjectRef = F63EF11E1B51FE6C00D00FE5 /* ResearchKit.xcodeproj */;
				},
			);
			projectRoot = "";
			targets = (
				F63EF0DB1B50353B00D00FE5 /* AnxietyResearch */,
				F63EF0F41B50353C00D00FE5 /* AnxietyResearchTests */,
			);
		};
/* End PBXProject section */

/* Begin PBXReferenceProxy section */
		F63EF1321B52194400D00FE5 /* ResearchKit.framework */ = {
			isa = PBXReferenceProxy;
			fileType = wrapper.framework;
			path = ResearchKit.framework;
			remoteRef = F63EF1311B52194400D00FE5 /* PBXContainerItemProxy */;
			sourceTree = BUILT_PRODUCTS_DIR;
		};
		F63EF1341B52194400D00FE5 /* ResearchKitTests.xctest */ = {
			isa = PBXReferenceProxy;
			fileType = wrapper.cfbundle;
			path = ResearchKitTests.xctest;
			remoteRef = F63EF1331B52194400D00FE5 /* PBXContainerItemProxy */;
			sourceTree = BUILT_PRODUCTS_DIR;
		};
/* End PBXReferenceProxy section */

/* Begin PBXResourcesBuildPhase section */
		F63EF0DA1B50353B00D00FE5 /* Resources */ = {
			isa = PBXResourcesBuildPhase;
			buildActionMask = 2147483647;
			files = (
				F63EF0EB1B50353B00D00FE5 /* Main.storyboard in Resources */,
				F63EF0F01B50353B00D00FE5 /* LaunchScreen.xib in Resources */,
				F63EF0ED1B50353B00D00FE5 /* Images.xcassets in Resources */,
				F69D44891B52FE58003FFC8C /* ConsentText.json in Resources */,
			);
			runOnlyForDeploymentPostprocessing = 0;
		};
		F63EF0F31B50353C00D00FE5 /* Resources */ = {
			isa = PBXResourcesBuildPhase;
			buildActionMask = 2147483647;
			files = (
			);
			runOnlyForDeploymentPostprocessing = 0;
		};
/* End PBXResourcesBuildPhase section */

/* Begin PBXSourcesBuildPhase section */
		F63EF0D81B50353B00D00FE5 /* Sources */ = {
			isa = PBXSourcesBuildPhase;
			buildActionMask = 2147483647;
			files = (
				F63EF0E81B50353B00D00FE5 /* ViewController.m in Sources */,
				F63EF0E51B50353B00D00FE5 /* AppDelegate.m in Sources */,
				F63EF0E21B50353B00D00FE5 /* main.m in Sources */,
			);
			runOnlyForDeploymentPostprocessing = 0;
		};
		F63EF0F11B50353C00D00FE5 /* Sources */ = {
			isa = PBXSourcesBuildPhase;
			buildActionMask = 2147483647;
			files = (
				F63EF0FC1B50353C00D00FE5 /* AnxietyResearchTests.m in Sources */,
			);
			runOnlyForDeploymentPostprocessing = 0;
		};
/* End PBXSourcesBuildPhase section */

/* Begin PBXTargetDependency section */
		F63EF0F71B50353C00D00FE5 /* PBXTargetDependency */ = {
			isa = PBXTargetDependency;
			target = F63EF0DB1B50353B00D00FE5 /* AnxietyResearch */;
			targetProxy = F63EF0F61B50353C00D00FE5 /* PBXContainerItemProxy */;
		};
		F63EF1381B52195A00D00FE5 /* PBXTargetDependency */ = {
			isa = PBXTargetDependency;
			name = ResearchKit;
			targetProxy = F63EF1371B52195A00D00FE5 /* PBXContainerItemProxy */;
		};
/* End PBXTargetDependency section */

/* Begin PBXVariantGroup section */
		F63EF0E91B50353B00D00FE5 /* Main.storyboard */ = {
			isa = PBXVariantGroup;
			children = (
				F63EF0EA1B50353B00D00FE5 /* Base */,
			);
			name = Main.storyboard;
			sourceTree = "<group>";
		};
		F63EF0EE1B50353B00D00FE5 /* LaunchScreen.xib */ = {
			isa = PBXVariantGroup;
			children = (
				F63EF0EF1B50353B00D00FE5 /* Base */,
			);
			name = LaunchScreen.xib;
			sourceTree = "<group>";
		};
/* End PBXVariantGroup section */

/* Begin XCBuildConfiguration section */
		F63EF0FD1B50353C00D00FE5 /* Debug */ = {
			isa = XCBuildConfiguration;
			buildSettings = {
				ALWAYS_SEARCH_USER_PATHS = NO;
				CLANG_CXX_LANGUAGE_STANDARD = "gnu++0x";
				CLANG_CXX_LIBRARY = "libc++";
				CLANG_ENABLE_MODULES = YES;
				CLANG_ENABLE_OBJC_ARC = YES;
				CLANG_WARN_BOOL_CONVERSION = YES;
				CLANG_WARN_CONSTANT_CONVERSION = YES;
				CLANG_WARN_DIRECT_OBJC_ISA_USAGE = YES_ERROR;
				CLANG_WARN_EMPTY_BODY = YES;
				CLANG_WARN_ENUM_CONVERSION = YES;
				CLANG_WARN_INT_CONVERSION = YES;
				CLANG_WARN_OBJC_ROOT_CLASS = YES_ERROR;
				CLANG_WARN_UNREACHABLE_CODE = YES;
				CLANG_WARN__DUPLICATE_METHOD_MATCH = YES;
				"CODE_SIGN_IDENTITY[sdk=iphoneos*]" = "iPhone Developer";
				COPY_PHASE_STRIP = NO;
				DEBUG_INFORMATION_FORMAT = "dwarf-with-dsym";
				ENABLE_STRICT_OBJC_MSGSEND = YES;
				GCC_C_LANGUAGE_STANDARD = gnu99;
				GCC_DYNAMIC_NO_PIC = NO;
				GCC_NO_COMMON_BLOCKS = YES;
				GCC_OPTIMIZATION_LEVEL = 0;
				GCC_PREPROCESSOR_DEFINITIONS = (
					"DEBUG=1",
					"$(inherited)",
				);
				GCC_SYMBOLS_PRIVATE_EXTERN = NO;
				GCC_WARN_64_TO_32_BIT_CONVERSION = YES;
				GCC_WARN_ABOUT_RETURN_TYPE = YES_ERROR;
				GCC_WARN_UNDECLARED_SELECTOR = YES;
				GCC_WARN_UNINITIALIZED_AUTOS = YES_AGGRESSIVE;
				GCC_WARN_UNUSED_FUNCTION = YES;
				GCC_WARN_UNUSED_VARIABLE = YES;
				IPHONEOS_DEPLOYMENT_TARGET = 8.4;
				MTL_ENABLE_DEBUG_INFO = YES;
				ONLY_ACTIVE_ARCH = YES;
				SDKROOT = iphoneos;
			};
			name = Debug;
		};
		F63EF0FE1B50353C00D00FE5 /* Release */ = {
			isa = XCBuildConfiguration;
			buildSettings = {
				ALWAYS_SEARCH_USER_PATHS = NO;
				CLANG_CXX_LANGUAGE_STANDARD = "gnu++0x";
				CLANG_CXX_LIBRARY = "libc++";
				CLANG_ENABLE_MODULES = YES;
				CLANG_ENABLE_OBJC_ARC = YES;
				CLANG_WARN_BOOL_CONVERSION = YES;
				CLANG_WARN_CONSTANT_CONVERSION = YES;
				CLANG_WARN_DIRECT_OBJC_ISA_USAGE = YES_ERROR;
				CLANG_WARN_EMPTY_BODY = YES;
				CLANG_WARN_ENUM_CONVERSION = YES;
				CLANG_WARN_INT_CONVERSION = YES;
				CLANG_WARN_OBJC_ROOT_CLASS = YES_ERROR;
				CLANG_WARN_UNREACHABLE_CODE = YES;
				CLANG_WARN__DUPLICATE_METHOD_MATCH = YES;
				"CODE_SIGN_IDENTITY[sdk=iphoneos*]" = "iPhone Developer";
				COPY_PHASE_STRIP = NO;
				DEBUG_INFORMATION_FORMAT = "dwarf-with-dsym";
				ENABLE_NS_ASSERTIONS = NO;
				ENABLE_STRICT_OBJC_MSGSEND = YES;
				GCC_C_LANGUAGE_STANDARD = gnu99;
				GCC_NO_COMMON_BLOCKS = YES;
				GCC_WARN_64_TO_32_BIT_CONVERSION = YES;
				GCC_WARN_ABOUT_RETURN_TYPE = YES_ERROR;
				GCC_WARN_UNDECLARED_SELECTOR = YES;
				GCC_WARN_UNINITIALIZED_AUTOS = YES_AGGRESSIVE;
				GCC_WARN_UNUSED_FUNCTION = YES;
				GCC_WARN_UNUSED_VARIABLE = YES;
				IPHONEOS_DEPLOYMENT_TARGET = 8.4;
				MTL_ENABLE_DEBUG_INFO = NO;
				SDKROOT = iphoneos;
				VALIDATE_PRODUCT = YES;
			};
			name = Release;
		};
		F63EF1001B50353C00D00FE5 /* Debug */ = {
			isa = XCBuildConfiguration;
			buildSettings = {
				ASSETCATALOG_COMPILER_APPICON_NAME = AppIcon;
				INFOPLIST_FILE = AnxietyResearch/Info.plist;
				IPHONEOS_DEPLOYMENT_TARGET = 8.1;
				LD_RUNPATH_SEARCH_PATHS = "$(inherited) @executable_path/Frameworks";
				PRODUCT_NAME = "$(TARGET_NAME)";
			};
			name = Debug;
		};
		F63EF1011B50353C00D00FE5 /* Release */ = {
			isa = XCBuildConfiguration;
			buildSettings = {
				ASSETCATALOG_COMPILER_APPICON_NAME = AppIcon;
				INFOPLIST_FILE = AnxietyResearch/Info.plist;
				IPHONEOS_DEPLOYMENT_TARGET = 8.1;
				LD_RUNPATH_SEARCH_PATHS = "$(inherited) @executable_path/Frameworks";
				PRODUCT_NAME = "$(TARGET_NAME)";
			};
			name = Release;
		};
		F63EF1031B50353C00D00FE5 /* Debug */ = {
			isa = XCBuildConfiguration;
			buildSettings = {
				BUNDLE_LOADER = "$(TEST_HOST)";
				FRAMEWORK_SEARCH_PATHS = (
					"$(SDKROOT)/Developer/Library/Frameworks",
					"$(inherited)",
				);
				GCC_PREPROCESSOR_DEFINITIONS = (
					"DEBUG=1",
					"$(inherited)",
				);
				INFOPLIST_FILE = AnxietyResearchTests/Info.plist;
				LD_RUNPATH_SEARCH_PATHS = "$(inherited) @executable_path/Frameworks @loader_path/Frameworks";
				PRODUCT_NAME = "$(TARGET_NAME)";
				TEST_HOST = "$(BUILT_PRODUCTS_DIR)/AnxietyResearch.app/AnxietyResearch";
			};
			name = Debug;
		};
		F63EF1041B50353C00D00FE5 /* Release */ = {
			isa = XCBuildConfiguration;
			buildSettings = {
				BUNDLE_LOADER = "$(TEST_HOST)";
				FRAMEWORK_SEARCH_PATHS = (
					"$(SDKROOT)/Developer/Library/Frameworks",
					"$(inherited)",
				);
				INFOPLIST_FILE = AnxietyResearchTests/Info.plist;
				LD_RUNPATH_SEARCH_PATHS = "$(inherited) @executable_path/Frameworks @loader_path/Frameworks";
				PRODUCT_NAME = "$(TARGET_NAME)";
				TEST_HOST = "$(BUILT_PRODUCTS_DIR)/AnxietyResearch.app/AnxietyResearch";
			};
			name = Release;
		};
/* End XCBuildConfiguration section */

/* Begin XCConfigurationList section */
		F63EF0D71B50353B00D00FE5 /* Build configuration list for PBXProject "AnxietyResearch" */ = {
			isa = XCConfigurationList;
			buildConfigurations = (
				F63EF0FD1B50353C00D00FE5 /* Debug */,
				F63EF0FE1B50353C00D00FE5 /* Release */,
			);
			defaultConfigurationIsVisible = 0;
			defaultConfigurationName = Release;
		};
		F63EF0FF1B50353C00D00FE5 /* Build configuration list for PBXNativeTarget "AnxietyResearch" */ = {
			isa = XCConfigurationList;
			buildConfigurations = (
				F63EF1001B50353C00D00FE5 /* Debug */,
				F63EF1011B50353C00D00FE5 /* Release */,
			);
			defaultConfigurationIsVisible = 0;
			defaultConfigurationName = Release;
		};
		F63EF1021B50353C00D00FE5 /* Build configuration list for PBXNativeTarget "AnxietyResearchTests" */ = {
			isa = XCConfigurationList;
			buildConfigurations = (
				F63EF1031B50353C00D00FE5 /* Debug */,
				F63EF1041B50353C00D00FE5 /* Release */,
			);
			defaultConfigurationIsVisible = 0;
			defaultConfigurationName = Release;
		};
/* End XCConfigurationList section */
	};
	rootObject = F63EF0D41B50353B00D00FE5 /* Project object */;
}
